
Microsoft Visual Studio Solution File, Format Version 12.00
# Visual Studio Version 17
VisualStudioVersion = 17.5.33414.496
MinimumVisualStudioVersion = 10.0.40219.1
Project("{9A19103F-16F7-4668-BE54-9A1E7A4F7556}") = "BlogProject", "WebApplication4\BlogProject.csproj", "{221F2587-2750-4D6A-B068-669617DC382A}"
EndProject
Project("{9A19103F-16F7-4668-BE54-9A1E7A4F7556}") = "EntityLayer", "EntityLayer\EntityLayer.csproj", "{89AA5D8D-9FA7-4F47-B078-AD0B1883E565}"
EndProject
Project("{9A19103F-16F7-4668-BE54-9A1E7A4F7556}") = "DataAccessLayer", "DataAccessLayer\DataAccessLayer.csproj", "{7F4562DA-4BA1-4A88-9B03-E3E70029EF57}"
EndProject
Project("{9A19103F-16F7-4668-BE54-9A1E7A4F7556}") = "BusinessLayer", "BusinessLayer\BusinessLayer.csproj", "{842F4238-743E-47C6-8F35-C89D8F185264}"
EndProject
Project("{9A19103F-16F7-4668-BE54-9A1E7A4F7556}") = "CoreLayer", "CoreLayer\CoreLayer.csproj", "{EC47D2F4-9105-4463-AD87-84C657179116}"
EndProject
Global
	GlobalSection(SolutionConfigurationPlatforms) = preSolution
		Debug|Any CPU = Debug|Any CPU
		Release|Any CPU = Release|Any CPU
	EndGlobalSection
	GlobalSection(ProjectConfigurationPlatforms) = postSolution
		{221F2587-2750-4D6A-B068-669617DC382A}.Debug|Any CPU.ActiveCfg = Debug|Any CPU
		{221F2587-2750-4D6A-B068-669617DC382A}.Debug|Any CPU.Build.0 = Debug|Any CPU
		{221F2587-2750-4D6A-B068-669617DC382A}.Release|Any CPU.ActiveCfg = Release|Any CPU
		{221F2587-2750-4D6A-B068-669617DC382A}.Release|Any CPU.Build.0 = Release|Any CPU
		{89AA5D8D-9FA7-4F47-B078-AD0B1883E565}.Debug|Any CPU.ActiveCfg = Debug|Any CPU
		{89AA5D8D-9FA7-4F47-B078-AD0B1883E565}.Debug|Any CPU.Build.0 = Debug|Any CPU
		{89AA5D8D-9FA7-4F47-B078-AD0B1883E565}.Release|Any CPU.ActiveCfg = Release|Any CPU
		{89AA5D8D-9FA7-4F47-B078-AD0B1883E565}.Release|Any CPU.Build.0 = Release|Any CPU
		{7F4562DA-4BA1-4A88-9B03-E3E70029EF57}.Debug|Any CPU.ActiveCfg = Debug|Any CPU
		{7F4562DA-4BA1-4A88-9B03-E3E70029EF57}.Debug|Any CPU.Build.0 = Debug|Any CPU
		{7F4562DA-4BA1-4A88-9B03-E3E70029EF57}.Release|Any CPU.ActiveCfg = Release|Any CPU
		{7F4562DA-4BA1-4A88-9B03-E3E70029EF57}.Release|Any CPU.Build.0 = Release|Any CPU
		{842F4238-743E-47C6-8F35-C89D8F185264}.Debug|Any CPU.ActiveCfg = Debug|Any CPU
		{842F4238-743E-47C6-8F35-C89D8F185264}.Debug|Any CPU.Build.0 = Debug|Any CPU
		{842F4238-743E-47C6-8F35-C89D8F185264}.Release|Any CPU.ActiveCfg = Release|Any CPU
		{842F4238-743E-47C6-8F35-C89D8F185264}.Release|Any CPU.Build.0 = Release|Any CPU
		{EC47D2F4-9105-4463-AD87-84C657179116}.Debug|Any CPU.ActiveCfg = Debug|Any CPU
		{EC47D2F4-9105-4463-AD87-84C657179116}.Debug|Any CPU.Build.0 = Debug|Any CPU
		{EC47D2F4-9105-4463-AD87-84C657179116}.Release|Any CPU.ActiveCfg = Release|Any CPU
		{EC47D2F4-9105-4463-AD87-84C657179116}.Release|Any CPU.Build.0 = Release|Any CPU
	EndGlobalSection
	GlobalSection(SolutionProperties) = preSolution
		HideSolutionNode = FALSE
	EndGlobalSection
	GlobalSection(ExtensibilityGlobals) = postSolution
		SolutionGuid = {372B5A21-A4AA-4D42-8E08-A725B098AF2A}
	EndGlobalSection
EndGlobal
